
Microsoft Visual Studio Solution File, Format Version 12.00
# Visual Studio Version 17
VisualStudioVersion = 17.6.33801.468
MinimumVisualStudioVersion = 10.0.40219.1
Project("{9A19103F-16F7-4668-BE54-9A1E7A4F7556}") = "Recipe", "Recipe.csproj", "{BD262D79-5B41-44E5-A10B-2229DF15EFBD}"
EndProject
Global
	GlobalSection(SolutionConfigurationPlatforms) = preSolution
		Debug|Any CPU = Debug|Any CPU
		Release|Any CPU = Release|Any CPU
	EndGlobalSection
	GlobalSection(ProjectConfigurationPlatforms) = postSolution
		{BD262D79-5B41-44E5-A10B-2229DF15EFBD}.Debug|Any CPU.ActiveCfg = Debug|Any CPU
		{BD262D79-5B41-44E5-A10B-2229DF15EFBD}.Debug|Any CPU.Build.0 = Debug|Any CPU
		{BD262D79-5B41-44E5-A10B-2229DF15EFBD}.Release|Any CPU.ActiveCfg = Release|Any CPU
		{BD262D79-5B41-44E5-A10B-2229DF15EFBD}.Release|Any CPU.Build.0 = Release|Any CPU
	EndGlobalSection
	GlobalSection(SolutionProperties) = preSolution
		HideSolutionNode = FALSE
	EndGlobalSection
	GlobalSection(ExtensibilityGlobals) = postSolution
		SolutionGuid = {5A9B5312-8802-4DDE-A43A-54AB34A8E1BA}
	EndGlobalSection
EndGlobal
